
Microsoft Visual Studio Solution File, Format Version 12.00
# Visual Studio Version 17
VisualStudioVersion = 17.0.31903.59
MinimumVisualStudioVersion = 10.0.40219.1
Project("{FAE04EC0-301F-11D3-BF4B-00C04F79EFBC}") = "Server", "Server\Server.csproj", "{8EEDEBC8-80AB-4901-9122-25CA34B7F759}"
EndProject
Project("{FAE04EC0-301F-11D3-BF4B-00C04F79EFBC}") = "Client", "Client\Client.csproj", "{D15BD0C8-44B6-4C62-8657-407558C3BCDC}"
EndProject
Global
	GlobalSection(SolutionConfigurationPlatforms) = preSolution
		Debug|Any CPU = Debug|Any CPU
		Debug|x64 = Debug|x64
		Debug|x86 = Debug|x86
		Release|Any CPU = Release|Any CPU
		Release|x64 = Release|x64
		Release|x86 = Release|x86
	EndGlobalSection
	GlobalSection(ProjectConfigurationPlatforms) = postSolution
		{8EEDEBC8-80AB-4901-9122-25CA34B7F759}.Debug|Any CPU.ActiveCfg = Debug|Any CPU
		{8EEDEBC8-80AB-4901-9122-25CA34B7F759}.Debug|Any CPU.Build.0 = Debug|Any CPU
		{8EEDEBC8-80AB-4901-9122-25CA34B7F759}.Debug|x64.ActiveCfg = Debug|Any CPU
		{8EEDEBC8-80AB-4901-9122-25CA34B7F759}.Debug|x64.Build.0 = Debug|Any CPU
		{8EEDEBC8-80AB-4901-9122-25CA34B7F759}.Debug|x86.ActiveCfg = Debug|Any CPU
		{8EEDEBC8-80AB-4901-9122-25CA34B7F759}.Debug|x86.Build.0 = Debug|Any CPU
		{8EEDEBC8-80AB-4901-9122-25CA34B7F759}.Release|Any CPU.ActiveCfg = Release|Any CPU
		{8EEDEBC8-80AB-4901-9122-25CA34B7F759}.Release|Any CPU.Build.0 = Release|Any CPU
		{8EEDEBC8-80AB-4901-9122-25CA34B7F759}.Release|x64.ActiveCfg = Release|Any CPU
		{8EEDEBC8-80AB-4901-9122-25CA34B7F759}.Release|x64.Build.0 = Release|Any CPU
		{8EEDEBC8-80AB-4901-9122-25CA34B7F759}.Release|x86.ActiveCfg = Release|Any CPU
		{8EEDEBC8-80AB-4901-9122-25CA34B7F759}.Release|x86.Build.0 = Release|Any CPU
		{D15BD0C8-44B6-4C62-8657-407558C3BCDC}.Debug|Any CPU.ActiveCfg = Debug|Any CPU
		{D15BD0C8-44B6-4C62-8657-407558C3BCDC}.Debug|Any CPU.Build.0 = Debug|Any CPU
		{D15BD0C8-44B6-4C62-8657-407558C3BCDC}.Debug|x64.ActiveCfg = Debug|Any CPU
		{D15BD0C8-44B6-4C62-8657-407558C3BCDC}.Debug|x64.Build.0 = Debug|Any CPU
		{D15BD0C8-44B6-4C62-8657-407558C3BCDC}.Debug|x86.ActiveCfg = Debug|Any CPU
		{D15BD0C8-44B6-4C62-8657-407558C3BCDC}.Debug|x86.Build.0 = Debug|Any CPU
		{D15BD0C8-44B6-4C62-8657-407558C3BCDC}.Release|Any CPU.ActiveCfg = Release|Any CPU
		{D15BD0C8-44B6-4C62-8657-407558C3BCDC}.Release|Any CPU.Build.0 = Release|Any CPU
		{D15BD0C8-44B6-4C62-8657-407558C3BCDC}.Release|x64.ActiveCfg = Release|Any CPU
		{D15BD0C8-44B6-4C62-8657-407558C3BCDC}.Release|x64.Build.0 = Release|Any CPU
		{D15BD0C8-44B6-4C62-8657-407558C3BCDC}.Release|x86.ActiveCfg = Release|Any CPU
		{D15BD0C8-44B6-4C62-8657-407558C3BCDC}.Release|x86.Build.0 = Release|Any CPU
	EndGlobalSection
	GlobalSection(SolutionProperties) = preSolution
		HideSolutionNode = FALSE
	EndGlobalSection
EndGlobal
